# This file is autogenerated, do not edit; changes may be undone by the next 'dep ensure'.


[[projects]]
  branch = "master"
  digest = "1:24c87aa76d12bbe5129d808335c215907b2bf8b373475465f23f03ebbac71ef7"
  name = "git.schwanenlied.me/yawning/aez.git"
  packages = ["."]
  pruneopts = ""
  revision = "ec7426b4492636b9b39cb6e173e7423500107163"

[[projects]]
  branch = "master"
  digest = "1:7e22a256490317f5d85b5f3080171c9d351fb6dbb508bf28bdad0e71fa1b626b"
  name = "git.schwanenlied.me/yawning/bsaes.git"
  packages = [
    ".",
    "ct32",
    "ct64",
    "ghash",
    "internal/modes",
  ]
  pruneopts = ""
  revision = "c0276d75487ef7aceab140c9eb31601dd7d18bd4"

[[projects]]
  branch = "master"
  digest = "1:651a17ddb644cc302f87a9bad50894a9bcfafcff1f1634c4fd55f66c05f0d42b"
  name = "git.schwanenlied.me/yawning/chacha20.git"
  packages = ["."]
  pruneopts = ""
  revision = "e3b1f968fc6397b51d963fee8ec8711a47bc0ce8"

[[projects]]
  branch = "master"
  digest = "1:2f05826e75dfd6231c9752ff421bd0cb56b046e728c430ea1a0b812b23124f12"
  name = "git.schwanenlied.me/yawning/newhope.git"
  packages = ["."]
  pruneopts = ""
  revision = "9598792ba8f205d72c9b5b639b0d2827cbb7d8b9"

[[projects]]
  digest = "1:289dd4d7abfb3ad2b5f728fbe9b1d5c1bf7d265a3eb9ef92869af1f7baba4c7a"
  name = "github.com/BurntSushi/toml"
  packages = ["."]
  pruneopts = ""
  revision = "b26d9c308763d68093482582cea63d69be07a0f0"
  version = "v0.3.0"

[[projects]]
  branch = "master"
  digest = "1:7c95e6ada3cb4c4034a75f88a137400dfe7cbd5823c66b2ec4b014018b537ff7"
  name = "github.com/agl/ed25519"
  packages = [
    "edwards25519",
    "extra25519",
  ]
  pruneopts = ""
  revision = "5312a61534124124185d41f09206b9fef1d88403"

[[projects]]
  digest = "1:d5df7148d5ce309f9d9cce9834a6ff96798d29dca942533c658465139ab5ba61"
  name = "github.com/beeker1121/goque"
  packages = ["."]
  pruneopts = ""
  revision = "e1e63ca63c14b41209e160f54c8e7669564eacc4"
  version = "v2.0.1"

[[projects]]
  digest = "1:b76b9d2ddb94f66bf36a2fd4ddc7656e6eca9c9c214e8e1d75b43ee159ee26bf"
  name = "github.com/coreos/bbolt"
  packages = ["."]
  pruneopts = ""
  revision = "7ee3ded59d4835e10f3e7d0f7603c42aa5e83820"
  version = "v1.3.1-etcd.8"

[[projects]]
  digest = "1:d8d46d21073d0f65daf1740ebf4629c65e04bf92e14ce93c2201e8624843c3d3"
  name = "github.com/eapache/queue"
  packages = ["."]
  pruneopts = ""
  revision = "44cc805cf13205b55f69e14bcb69867d1ae92f98"
  version = "v1.1.0"

[[projects]]
  digest = "1:56f7234187868accaf0f821210675206f066148498f66e07d05954479ce3569b"
  name = "github.com/emersion/go-message"
  packages = [
    ".",
    "charset",
  ]
  pruneopts = ""
  revision = "f7e2be8074d097a816a1f5bd9d502adc46275d4a"
  version = "v0.9.1"

[[projects]]
  branch = "master"
  digest = "1:d74fefa44c6e40f637b3efe33a5aadccaac0380c35b39db435eb161b481fc15b"
  name = "github.com/emersion/go-textwrapper"
  packages = ["."]
  pruneopts = ""
  revision = "d0e65e56babe3f687ff94c1d764ca0e6aa7723ee"

[[projects]]
  branch = "master"
  digest = "1:2a5888946cdbc8aa360fd43301f9fc7869d663f60d5eedae7d4e6e5e4f06f2bf"
  name = "github.com/golang/snappy"
  packages = ["."]
  pruneopts = ""
  revision = "2e65f85255dbc3072edf28d6b5b8efc472979f5a"

[[projects]]
  digest = "1:50f24b7dac98c589ff7beda6c8319f44b6d334f2c3027236cd50e52e955506c5"
  name = "github.com/katzenpost/authority"
  packages = [
    "nonvoting/client",
    "nonvoting/internal/s11n",
  ]
  pruneopts = ""
  revision = "cc38d542a8963c13cd960ab1e8e5fff39804bb36"
  version = "v0.0.3"

[[projects]]
  branch = "master"
  digest = "1:a28b58a350b4df68c0ebdd8a340599426a3b66e1de78c8abb970bc5bb2f89103"
  name = "github.com/katzenpost/client"
  packages = [
    ".",
    "config",
    "internal/pkiclient",
    "internal/proxy",
    "poisson",
  ]
  pruneopts = ""
  revision = "a793ecf11a311f17b573100ef80d746bc798021d"

[[projects]]
  digest = "1:eb492ab1adc858fad8df75c3c3f8ecebba64768b51cc14c968be62fb9bc2d5bc"
  name = "github.com/katzenpost/core"
  packages = [
    "constants",
    "crypto/ecdh",
    "crypto/eddsa",
    "crypto/rand",
    "epochtime",
    "log",
    "pki",
    "queue",
    "sphinx",
    "sphinx/commands",
    "sphinx/constants",
    "sphinx/internal/crypto",
    "sphinx/path",
    "thwack",
    "utils",
    "wire",
    "wire/commands",
    "worker",
  ]
  pruneopts = ""
  revision = "2d39b44290df948b0ef7c35e97c3e72ebe663d24"
  version = "v0.0.3"

[[projects]]
  digest = "1:f4defa0901d5b813a93bcae13e82e6f5c44373dccd37431e07c897f3d282443c"
  name = "github.com/katzenpost/mailproxy"
  packages = [
    ".",
    "config",
    "event",
    "internal/account",
    "internal/authority",
    "internal/glue",
    "internal/imf",
    "internal/pkiclient",
    "internal/pop3",
    "internal/proxy",
    "internal/recipient",
  ]
  pruneopts = ""
  revision = "b45fd1feae724c10d267956beb8efedcb045a7b4"
  version = "v0.0.2"

[[projects]]
  digest = "1:897be91ac50fc444e6d0bd51d06b8485de18f442ef4b121b8c58cd4cdd62950a"
  name = "github.com/katzenpost/minclient"
  packages = [
    ".",
    "block",
  ]
  pruneopts = ""
  revision = "b1f54e28d320fb6e4ef0746839fe87ebdc944ff7"
  version = "v0.0.1"

[[projects]]
  branch = "master"
  digest = "1:b047636096ab137a8a4682572a3b7b40b135c2e54fe5c863620b6b314858ffd7"
  name = "github.com/katzenpost/noise"
  packages = ["."]
  pruneopts = ""
  revision = "08e83772a9119dc0b35028bc6d8412dc22b0a9ee"

[[projects]]
  digest = "1:8e4f739f290a3d6f38b7b6d8f704be3fbff599f755e16745a1983f3e6e1b0b7e"
  name = "github.com/op/go-logging"
  packages = ["."]
  pruneopts = ""
  revision = "b2cb9fa56473e98db8caba80237377e83fe44db5"
  version = "v1"

[[projects]]
  branch = "master"
  digest = "1:f7718c19a60ec79cb04ad6bf529da8d5afeb52a4e3c5f4b45f79c221bfdcd1f7"
  name = "github.com/siebenmann/smtpd"
  packages = ["."]
  pruneopts = ""
  revision = "b93303610bbe1b2cc570daff2de7d77dfac329a0"

[[projects]]
  branch = "master"
  digest = "1:ce5194e5afac308cc34e500cab45b4ce88a0742d689e3cf7e37b607ad76bed2f"
  name = "github.com/syndtr/goleveldb"
  packages = [
    "leveldb",
    "leveldb/cache",
    "leveldb/comparer",
    "leveldb/errors",
    "leveldb/filter",
    "leveldb/iterator",
    "leveldb/journal",
    "leveldb/memdb",
    "leveldb/opt",
    "leveldb/storage",
    "leveldb/table",
    "leveldb/util",
  ]
  pruneopts = ""
  revision = "ae2bd5eed72d46b28834ec3f60db3a3ebedd8dbd"

[[projects]]
  digest = "1:2e7f653483e51243b6cd6de60ce39bde0d6927d10a3c24295ab0f82cb1efeae2"
  name = "github.com/ugorji/go"
  packages = ["codec"]
  pruneopts = ""
  revision = "b4c50a2b199d93b13dc15e78929cfb23bfdf21ab"
  version = "v1.1.1"

[[projects]]
  branch = "master"
  digest = "1:61a86f0be8b466d6e3fbdabb155aaa4006137cb5e3fd3b949329d103fa0ceb0f"
  name = "golang.org/x/crypto"
  packages = [
    "blake2b",
    "blake2s",
    "chacha20poly1305",
    "curve25519",
    "ed25519",
    "ed25519/internal/edwards25519",
    "internal/chacha20",
    "internal/subtle",
    "pbkdf2",
    "poly1305",
    "sha3",
  ]
  pruneopts = ""
  revision = "0e37d006457bf46f9e6692014ba72ef82c33022c"

[[projects]]
  branch = "master"
  digest = "1:fbdbb6cf8db3278412c9425ad78b26bb8eb788181f26a3ffb3e4f216b314f86a"
  name = "golang.org/x/net"
  packages = [
    "idna",
    "internal/socks",
    "proxy",
  ]
  pruneopts = ""
  revision = "26e67e76b6c3f6ce91f7c52def5af501b4e0f3a2"

[[projects]]
  branch = "master"
  digest = "1:ed900376500543ca05f2a2383e1f541b4606f19cd22f34acb81b17a0b90c7f3e"
  name = "golang.org/x/sys"
  packages = [
    "cpu",
    "unix",
  ]
  pruneopts = ""
  revision = "d0be0721c37eeb5299f245a996a483160fc36940"

[[projects]]
  digest = "1:5acd3512b047305d49e8763eef7ba423901e85d5dd2fd1e71778a0ea8de10bd4"
  name = "golang.org/x/text"
  packages = [
    "cases",
    "collate",
    "collate/build",
    "encoding",
    "encoding/charmap",
    "encoding/internal",
    "encoding/internal/identifier",
    "encoding/japanese",
    "encoding/simplifiedchinese",
    "encoding/traditionalchinese",
    "internal",
    "internal/colltab",
    "internal/gen",
    "internal/tag",
    "internal/triegen",
    "internal/ucd",
    "language",
    "runes",
    "secure/bidirule",
    "secure/precis",
    "transform",
    "unicode/bidi",
    "unicode/cldr",
    "unicode/norm",
    "unicode/rangetable",
    "width",
  ]
  pruneopts = ""
  revision = "f21a4dfb5e38f5895301dc265a8def02365cc3d0"
  version = "v0.3.0"

[[projects]]
  digest = "1:ea959741586120518b3d51d0921fd7c789883036444502f5411273dcb2e59e5f"
  name = "gopkg.in/eapache/channels.v1"
  packages = ["."]
  pruneopts = ""
  revision = "47238d5aae8c0fefd518ef2bee46290909cf8263"
  version = "v1.1.0"

[[projects]]
  digest = "1:8e4f739f290a3d6f38b7b6d8f704be3fbff599f755e16745a1983f3e6e1b0b7e"
  name = "gopkg.in/op/go-logging.v1"
  packages = ["."]
  pruneopts = ""
  revision = "b2cb9fa56473e98db8caba80237377e83fe44db5"
  version = "v1"

[[projects]]
  digest = "1:78c193a044c9c6f540da8158d8d8af12f3615d0261e7fa172e0cadcd05abd64f"
  name = "gopkg.in/square/go-jose.v2"
  packages = [
    ".",
    "cipher",
    "json",
  ]
  pruneopts = ""
  revision = "8254d6c783765f38c8675fae4427a1fe73fbd09d"
  version = "v2.1.8"

[solve-meta]
  analyzer-name = "dep"
  analyzer-version = 1
  input-imports = [
    "github.com/coreos/bbolt",
    "github.com/katzenpost/authority/nonvoting/client",
    "github.com/katzenpost/client",
    "github.com/katzenpost/core/crypto/ecdh",
    "github.com/katzenpost/core/crypto/eddsa",
    "github.com/katzenpost/core/crypto/rand",
    "github.com/katzenpost/core/log",
    "github.com/katzenpost/core/pki",
    "github.com/katzenpost/mailproxy",
    "github.com/katzenpost/mailproxy/config",
    "github.com/katzenpost/mailproxy/event",
    "github.com/katzenpost/minclient/block",
    "github.com/op/go-logging",
  ]
  solver-name = "gps-cdcl"
  solver-version = 1
